
Microsoft Visual Studio Solution File, Format Version 12.00
# Visual Studio Version 17
VisualStudioVersion = 17.6.33829.357
MinimumVisualStudioVersion = 10.0.40219.1
Project("{FAE04EC0-301F-11D3-BF4B-00C04F79EFBC}") = "Carleton.API", "Carleton.API\Carleton.API.csproj", "{20179AFB-1B01-4D60-915F-2E86E92561DF}"
EndProject
Global
	GlobalSection(SolutionConfigurationPlatforms) = preSolution
		Debug|Any CPU = Debug|Any CPU
		Release|Any CPU = Release|Any CPU
	EndGlobalSection
	GlobalSection(ProjectConfigurationPlatforms) = postSolution
		{20179AFB-1B01-4D60-915F-2E86E92561DF}.Debug|Any CPU.ActiveCfg = Debug|Any CPU
		{20179AFB-1B01-4D60-915F-2E86E92561DF}.Debug|Any CPU.Build.0 = Debug|Any CPU
		{20179AFB-1B01-4D60-915F-2E86E92561DF}.Release|Any CPU.ActiveCfg = Release|Any CPU
		{20179AFB-1B01-4D60-915F-2E86E92561DF}.Release|Any CPU.Build.0 = Release|Any CPU
	EndGlobalSection
	GlobalSection(SolutionProperties) = preSolution
		HideSolutionNode = FALSE
	EndGlobalSection
	GlobalSection(ExtensibilityGlobals) = postSolution
		SolutionGuid = {A129593B-7C07-4A41-B13F-0E3715AA2EE4}
	EndGlobalSection
EndGlobal
